
Microsoft Visual Studio Solution File, Format Version 12.00
# Visual Studio Version 17
VisualStudioVersion = 17.5.002.0
MinimumVisualStudioVersion = 10.0.40219.1
Project("{9A19103F-16F7-4668-BE54-9A1E7A4F7556}") = "Girlz", "Girlz.csproj", "{2A7ACCAE-49A8-4D25-8FBA-2DDCE47C0D3E}"
EndProject
Global
	GlobalSection(SolutionConfigurationPlatforms) = preSolution
		Debug|Any CPU = Debug|Any CPU
		Release|Any CPU = Release|Any CPU
	EndGlobalSection
	GlobalSection(ProjectConfigurationPlatforms) = postSolution
		{2A7ACCAE-49A8-4D25-8FBA-2DDCE47C0D3E}.Debug|Any CPU.ActiveCfg = Debug|Any CPU
		{2A7ACCAE-49A8-4D25-8FBA-2DDCE47C0D3E}.Debug|Any CPU.Build.0 = Debug|Any CPU
		{2A7ACCAE-49A8-4D25-8FBA-2DDCE47C0D3E}.Release|Any CPU.ActiveCfg = Release|Any CPU
		{2A7ACCAE-49A8-4D25-8FBA-2DDCE47C0D3E}.Release|Any CPU.Build.0 = Release|Any CPU
	EndGlobalSection
	GlobalSection(SolutionProperties) = preSolution
		HideSolutionNode = FALSE
	EndGlobalSection
	GlobalSection(ExtensibilityGlobals) = postSolution
		SolutionGuid = {B85AD950-5DFF-49CA-B408-18250B1A5F26}
	EndGlobalSection
EndGlobal
